
Microsoft Visual Studio Solution File, Format Version 12.00
Project("{FAE04EC0-301F-11D3-BF4B-00C04F79EFBC}") = "26_11_25_functions", "26_11_25_functions.csproj", "{7C8740CC-71B6-410B-8A1E-A18983E33DDE}"
EndProject
Global
	GlobalSection(SolutionConfigurationPlatforms) = preSolution
		Debug|Any CPU = Debug|Any CPU
		Release|Any CPU = Release|Any CPU
	EndGlobalSection
	GlobalSection(ProjectConfigurationPlatforms) = postSolution
		{7C8740CC-71B6-410B-8A1E-A18983E33DDE}.Debug|Any CPU.ActiveCfg = Debug|Any CPU
		{7C8740CC-71B6-410B-8A1E-A18983E33DDE}.Debug|Any CPU.Build.0 = Debug|Any CPU
		{7C8740CC-71B6-410B-8A1E-A18983E33DDE}.Release|Any CPU.ActiveCfg = Release|Any CPU
		{7C8740CC-71B6-410B-8A1E-A18983E33DDE}.Release|Any CPU.Build.0 = Release|Any CPU
	EndGlobalSection
EndGlobal
