
Microsoft Visual Studio Solution File, Format Version 12.00
Project("{FAE04EC0-301F-11D3-BF4B-00C04F79EFBC}") = "Signup", "Signup.csproj", "{4500DAA8-831F-4A42-9AAE-7E59BAE10B62}"
EndProject
Global
	GlobalSection(SolutionConfigurationPlatforms) = preSolution
		Debug|Any CPU = Debug|Any CPU
		Release|Any CPU = Release|Any CPU
	EndGlobalSection
	GlobalSection(ProjectConfigurationPlatforms) = postSolution
		{4500DAA8-831F-4A42-9AAE-7E59BAE10B62}.Debug|Any CPU.ActiveCfg = Debug|Any CPU
		{4500DAA8-831F-4A42-9AAE-7E59BAE10B62}.Debug|Any CPU.Build.0 = Debug|Any CPU
		{4500DAA8-831F-4A42-9AAE-7E59BAE10B62}.Release|Any CPU.ActiveCfg = Release|Any CPU
		{4500DAA8-831F-4A42-9AAE-7E59BAE10B62}.Release|Any CPU.Build.0 = Release|Any CPU
	EndGlobalSection
EndGlobal
